# THIS IS AN AUTOGENERATED FILE. DO NOT EDIT THIS FILE DIRECTLY.
# yarn lockfile v1


"@aws-crypto/ie11-detection@^2.0.0":
  version "2.0.2"
  resolved "https://registry.yarnpkg.com/@aws-crypto/ie11-detection/-/ie11-detection-2.0.2.tgz#9c39f4a5558196636031a933ec1b4792de959d6a"
  dependencies:
    tslib "^1.11.1"

"@aws-crypto/sha256-browser@2.0.0":
  version "2.0.0"
  resolved "https://registry.yarnpkg.com/@aws-crypto/sha256-browser/-/sha256-browser-2.0.0.tgz#741c9024df55ec59b51e5b1f5d806a4852699fb5"
  dependencies:
    "@aws-crypto/ie11-detection" "^2.0.0"
    "@aws-crypto/sha256-js" "^2.0.0"
    "@aws-crypto/supports-web-crypto" "^2.0.0"
    "@aws-crypto/util" "^2.0.0"
    "@aws-sdk/types" "^3.1.0"
    "@aws-sdk/util-locate-window" "^3.0.0"
    "@aws-sdk/util-utf8-browser" "^3.0.0"
    tslib "^1.11.1"

"@aws-crypto/sha256-js@2.0.0":
  version "2.0.0"
  resolved "https://registry.yarnpkg.com/@aws-crypto/sha256-js/-/sha256-js-2.0.0.tgz#f1f936039bdebd0b9e2dd834d65afdc2aac4efcb"
  dependencies:
    "@aws-crypto/util" "^2.0.0"
    "@aws-sdk/types" "^3.1.0"
    tslib "^1.11.1"

"@aws-crypto/sha256-js@^2.0.0":
  version "2.0.2"
  resolved "https://registry.yarnpkg.com/@aws-crypto/sha256-js/-/sha256-js-2.0.2.tgz#c81e5d378b8a74ff1671b58632779986e50f4c99"
  dependencies:
    "@aws-crypto/util" "^2.0.2"
    "@aws-sdk/types" "^3.110.0"
    tslib "^1.11.1"

"@aws-crypto/supports-web-crypto@^2.0.0":
  version "2.0.2"
  resolved "https://registry.yarnpkg.com/@aws-crypto/supports-web-crypto/-/supports-web-crypto-2.0.2.tgz#9f02aafad8789cac9c0ab5faaebb1ab8aa841338"
  dependencies:
    tslib "^1.11.1"

"@aws-crypto/util@^2.0.0", "@aws-crypto/util@^2.0.2":
  version "2.0.2"
  resolved "https://registry.yarnpkg.com/@aws-crypto/util/-/util-2.0.2.tgz#adf5ff5dfbc7713082f897f1d01e551ce0edb9c0"
  dependencies:
    "@aws-sdk/types" "^3.110.0"
    "@aws-sdk/util-utf8-browser" "^3.0.0"
    tslib "^1.11.1"

"@aws-sdk/abort-controller@3.226.0":
  version "3.226.0"
  resolved "https://registry.yarnpkg.com/@aws-sdk/abort-controller/-/abort-controller-3.226.0.tgz#3adffb8ee5af57ddb154e8544a8eeec76ad32271"
  dependencies:
    "@aws-sdk/types" "3.226.0"
    tslib "^2.3.1"

"@aws-sdk/client-cognito-identity@3.245.0":
  version "3.245.0"
  resolved "https://registry.yarnpkg.com/@aws-sdk/client-cognito-identity/-/client-cognito-identity-3.245.0.tgz#b0cd78ae73457aa1bd2a7146921e55c82ab344d6"
  dependencies:
    "@aws-crypto/sha256-browser" "2.0.0"
    "@aws-crypto/sha256-js" "2.0.0"
    "@aws-sdk/client-sts" "3.245.0"
    "@aws-sdk/config-resolver" "3.234.0"
    "@aws-sdk/credential-provider-node" "3.245.0"
    "@aws-sdk/fetch-http-handler" "3.226.0"
    "@aws-sdk/hash-node" "3.226.0"
    "@aws-sdk/invalid-dependency" "3.226.0"
    "@aws-sdk/middleware-content-length" "3.226.0"
    "@aws-sdk/middleware-endpoint" "3.226.0"
    "@aws-sdk/middleware-host-header" "3.226.0"
    "@aws-sdk/middleware-logger" "3.226.0"
    "@aws-sdk/middleware-recursion-detection" "3.226.0"
    "@aws-sdk/middleware-retry" "3.235.0"
    "@aws-sdk/middleware-serde" "3.226.0"
    "@aws-sdk/middleware-signing" "3.226.0"
    "@aws-sdk/middleware-stack" "3.226.0"
    "@aws-sdk/middleware-user-agent" "3.226.0"
    "@aws-sdk/node-config-provider" "3.226.0"
    "@aws-sdk/node-http-handler" "3.226.0"
    "@aws-sdk/protocol-http" "3.226.0"
    "@aws-sdk/smithy-client" "3.234.0"
    "@aws-sdk/types" "3.226.0"
    "@aws-sdk/url-parser" "3.226.0"
    "@aws-sdk/util-base64" "3.208.0"
    "@aws-sdk/util-body-length-browser" "3.188.0"
    "@aws-sdk/util-body-length-node" "3.208.0"
    "@aws-sdk/util-defaults-mode-browser" "3.234.0"
    "@aws-sdk/util-defaults-mode-node" "3.234.0"
    "@aws-sdk/util-endpoints" "3.245.0"
    "@aws-sdk/util-retry" "3.229.0"
    "@aws-sdk/util-user-agent-browser" "3.226.0"
    "@aws-sdk/util-user-agent-node" "3.226.0"
    "@aws-sdk/util-utf8-browser" "3.188.0"
    "@aws-sdk/util-utf8-node" "3.208.0"
    tslib "^2.3.1"

"@aws-sdk/client-sso-oidc@3.245.0":
  version "3.245.0"
  resolved "https://registry.yarnpkg.com/@aws-sdk/client-sso-oidc/-/client-sso-oidc-3.245.0.tgz#3235c856c7bd2ceddf9ac1bda6d599465b8e3dd7"
  dependencies:
    "@aws-crypto/sha256-browser" "2.0.0"
    "@aws-crypto/sha256-js" "2.0.0"
    "@aws-sdk/config-resolver" "3.234.0"
    "@aws-sdk/fetch-http-handler" "3.226.0"
    "@aws-sdk/hash-node" "3.226.0"
    "@aws-sdk/invalid-dependency" "3.226.0"
    "@aws-sdk/middleware-content-length" "3.226.0"
    "@aws-sdk/middleware-endpoint" "3.226.0"
    "@aws-sdk/middleware-host-header" "3.226.0"
    "@aws-sdk/middleware-logger" "3.226.0"
    "@aws-sdk/middleware-recursion-detection" "3.226.0"
    "@aws-sdk/middleware-retry" "3.235.0"
    "@aws-sdk/middleware-serde" "3.226.0"
    "@aws-sdk/middleware-stack" "3.226.0"
    "@aws-sdk/middleware-user-agent" "3.226.0"
    "@aws-sdk/node-config-provider" "3.226.0"
    "@aws-sdk/node-http-handler" "3.226.0"
    "@aws-sdk/protocol-http" "3.226.0"
    "@aws-sdk/smithy-client" "3.234.0"
    "@aws-sdk/types" "3.226.0"
    "@aws-sdk/url-parser" "3.226.0"
    "@aws-sdk/util-base64" "3.208.0"
    "@aws-sdk/util-body-length-browser" "3.188.0"
    "@aws-sdk/util-body-length-node" "3.208.0"
    "@aws-sdk/util-defaults-mode-browser" "3.234.0"
    "@aws-sdk/util-defaults-mode-node" "3.234.0"
    "@aws-sdk/util-endpoints" "3.245.0"
    "@aws-sdk/util-retry" "3.229.0"
    "@aws-sdk/util-user-agent-browser" "3.226.0"
    "@aws-sdk/util-user-agent-node" "3.226.0"
    "@aws-sdk/util-utf8-browser" "3.188.0"
    "@aws-sdk/util-utf8-node" "3.208.0"
    tslib "^2.3.1"

"@aws-sdk/client-sso@3.245.0":
  version "3.245.0"
  resolved "https://registry.yarnpkg.com/@aws-sdk/client-sso/-/client-sso-3.245.0.tgz#91ee2973c9cc052cc3afcecd789cd53ffc9a1950"
  dependencies:
    "@aws-crypto/sha256-browser" "2.0.0"
    "@aws-crypto/sha256-js" "2.0.0"
    "@aws-sdk/config-resolver" "3.234.0"
    "@aws-sdk/fetch-http-handler" "3.226.0"
    "@aws-sdk/hash-node" "3.226.0"
    "@aws-sdk/invalid-dependency" "3.226.0"
    "@aws-sdk/middleware-content-length" "3.226.0"
    "@aws-sdk/middleware-endpoint" "3.226.0"
    "@aws-sdk/middleware-host-header" "3.226.0"
    "@aws-sdk/middleware-logger" "3.226.0"
    "@aws-sdk/middleware-recursion-detection" "3.226.0"
    "@aws-sdk/middleware-retry" "3.235.0"
    "@aws-sdk/middleware-serde" "3.226.0"
    "@aws-sdk/middleware-stack" "3.226.0"
    "@aws-sdk/middleware-user-agent" "3.226.0"
    "@aws-sdk/node-config-provider" "3.226.0"
    "@aws-sdk/node-http-handler" "3.226.0"
    "@aws-sdk/protocol-http" "3.226.0"
    "@aws-sdk/smithy-client" "3.234.0"
    "@aws-sdk/types" "3.226.0"
    "@aws-sdk/url-parser" "3.226.0"
    "@aws-sdk/util-base64" "3.208.0"
    "@aws-sdk/util-body-length-browser" "3.188.0"
    "@aws-sdk/util-body-length-node" "3.208.0"
    "@aws-sdk/util-defaults-mode-browser" "3.234.0"
    "@aws-sdk/util-defaults-mode-node" "3.234.0"
    "@aws-sdk/util-endpoints" "3.245.0"
    "@aws-sdk/util-retry" "3.229.0"
    "@aws-sdk/util-user-agent-browser" "3.226.0"
    "@aws-sdk/util-user-agent-node" "3.226.0"
    "@aws-sdk/util-utf8-browser" "3.188.0"
    "@aws-sdk/util-utf8-node" "3.208.0"
    tslib "^2.3.1"

"@aws-sdk/client-sts@3.245.0":
  version "3.245.0"
  resolved "https://registry.yarnpkg.com/@aws-sdk/client-sts/-/client-sts-3.245.0.tgz#c1c46ca94d11786cf67a5f5adb6a44cd35d73546"
  dependencies:
    "@aws-crypto/sha256-browser" "2.0.0"
    "@aws-crypto/sha256-js" "2.0.0"
    "@aws-sdk/config-resolver" "3.234.0"
    "@aws-sdk/credential-provider-node" "3.245.0"
    "@aws-sdk/fetch-http-handler" "3.226.0"
    "@aws-sdk/hash-node" "3.226.0"
    "@aws-sdk/invalid-dependency" "3.226.0"
    "@aws-sdk/middleware-content-length" "3.226.0"
    "@aws-sdk/middleware-endpoint" "3.226.0"
    "@aws-sdk/middleware-host-header" "3.226.0"
    "@aws-sdk/middleware-logger" "3.226.0"
    "@aws-sdk/middleware-recursion-detection" "3.226.0"
    "@aws-sdk/middleware-retry" "3.235.0"
    "@aws-sdk/middleware-sdk-sts" "3.226.0"
    "@aws-sdk/middleware-serde" "3.226.0"
    "@aws-sdk/middleware-signing" "3.226.0"
    "@aws-sdk/middleware-stack" "3.226.0"
    "@aws-sdk/middleware-user-agent" "3.226.0"
    "@aws-sdk/node-config-provider" "3.226.0"
    "@aws-sdk/node-http-handler" "3.226.0"
    "@aws-sdk/protocol-http" "3.226.0"
    "@aws-sdk/smithy-client" "3.234.0"
    "@aws-sdk/types" "3.226.0"
    "@aws-sdk/url-parser" "3.226.0"
    "@aws-sdk/util-base64" "3.208.0"
    "@aws-sdk/util-body-length-browser" "3.188.0"
    "@aws-sdk/util-body-length-node" "3.208.0"
    "@aws-sdk/util-defaults-mode-browser" "3.234.0"
    "@aws-sdk/util-defaults-mode-node" "3.234.0"
    "@aws-sdk/util-endpoints" "3.245.0"
    "@aws-sdk/util-retry" "3.229.0"
    "@aws-sdk/util-user-agent-browser" "3.226.0"
    "@aws-sdk/util-user-agent-node" "3.226.0"
    "@aws-sdk/util-utf8-browser" "3.188.0"
    "@aws-sdk/util-utf8-node" "3.208.0"
    fast-xml-parser "4.0.11"
    tslib "^2.3.1"

"@aws-sdk/config-resolver@3.234.0":
  version "3.234.0"
  resolved "https://registry.yarnpkg.com/@aws-sdk/config-resolver/-/config-resolver-3.234.0.tgz#29d8936b713b7ee59b26b335d4f6715d644fc089"
  dependencies:
    "@aws-sdk/signature-v4" "3.226.0"
    "@aws-sdk/types" "3.226.0"
    "@aws-sdk/util-config-provider" "3.208.0"
    "@aws-sdk/util-middleware" "3.226.0"
    tslib "^2.3.1"

"@aws-sdk/credential-provider-cognito-identity@3.245.0":
  version "3.245.0"
  resolved "https://registry.yarnpkg.com/@aws-sdk/credential-provider-cognito-identity/-/credential-provider-cognito-identity-3.245.0.tgz#420cbb3c682c7647ddf44d8eb02bb06a26ebe364"
  dependencies:
    "@aws-sdk/client-cognito-identity" "3.245.0"
    "@aws-sdk/property-provider" "3.226.0"
    "@aws-sdk/types" "3.226.0"
    tslib "^2.3.1"

"@aws-sdk/credential-provider-env@3.226.0":
  version "3.226.0"
  resolved "https://registry.yarnpkg.com/@aws-sdk/credential-provider-env/-/credential-provider-env-3.226.0.tgz#0bcb89a9abc166b3a48f5c255b9fcabc4cb80daf"
  dependencies:
    "@aws-sdk/property-provider" "3.226.0"
    "@aws-sdk/types" "3.226.0"
    tslib "^2.3.1"

"@aws-sdk/credential-provider-imds@3.226.0":
  version "3.226.0"
  resolved "https://registry.yarnpkg.com/@aws-sdk/credential-provider-imds/-/credential-provider-imds-3.226.0.tgz#0a4558449eb261412b0490ea1c3242eb91659759"
  dependencies:
    "@aws-sdk/node-config-provider" "3.226.0"
    "@aws-sdk/property-provider" "3.226.0"
    "@aws-sdk/types" "3.226.0"
    "@aws-sdk/url-parser" "3.226.0"
    tslib "^2.3.1"

"@aws-sdk/credential-provider-ini@3.245.0":
  version "3.245.0"
  resolved "https://registry.yarnpkg.com/@aws-sdk/credential-provider-ini/-/credential-provider-ini-3.245.0.tgz#6d2b35603c831366cb66f7c651a75c3afd54ad24"
  dependencies:
    "@aws-sdk/credential-provider-env" "3.226.0"
    "@aws-sdk/credential-provider-imds" "3.226.0"
    "@aws-sdk/credential-provider-process" "3.226.0"
    "@aws-sdk/credential-provider-sso" "3.245.0"
    "@aws-sdk/credential-provider-web-identity" "3.226.0"
    "@aws-sdk/property-provider" "3.226.0"
    "@aws-sdk/shared-ini-file-loader" "3.226.0"
    "@aws-sdk/types" "3.226.0"
    tslib "^2.3.1"

"@aws-sdk/credential-provider-node@3.245.0":
  version "3.245.0"
  resolved "https://registry.yarnpkg.com/@aws-sdk/credential-provider-node/-/credential-provider-node-3.245.0.tgz#3df89fa2668940902b4c16c28df3d4e30b907ad2"
  dependencies:
    "@aws-sdk/credential-provider-env" "3.226.0"
    "@aws-sdk/credential-provider-imds" "3.226.0"
    "@aws-sdk/credential-provider-ini" "3.245.0"
    "@aws-sdk/credential-provider-process" "3.226.0"
    "@aws-sdk/credential-provider-sso" "3.245.0"
    "@aws-sdk/credential-provider-web-identity" "3.226.0"
    "@aws-sdk/property-provider" "3.226.0"
    "@aws-sdk/shared-ini-file-loader" "3.226.0"
    "@aws-sdk/types" "3.226.0"
    tslib "^2.3.1"

"@aws-sdk/credential-provider-process@3.226.0":
  version "3.226.0"
  resolved "https://registry.yarnpkg.com/@aws-sdk/credential-provider-process/-/credential-provider-process-3.226.0.tgz#bcd73a6d31d1b3181917d56e54aacbee242b077f"
  dependencies:
    "@aws-sdk/property-provider" "3.226.0"
    "@aws-sdk/shared-ini-file-loader" "3.226.0"
    "@aws-sdk/types" "3.226.0"
    tslib "^2.3.1"

"@aws-sdk/credential-provider-sso@3.245.0":
  version "3.245.0"
  resolved "https://registry.yarnpkg.com/@aws-sdk/credential-provider-sso/-/credential-provider-sso-3.245.0.tgz#e5ea2db3d94e0bcc1af276c42363a9855294d812"
  dependencies:
    "@aws-sdk/client-sso" "3.245.0"
    "@aws-sdk/property-provider" "3.226.0"
    "@aws-sdk/shared-ini-file-loader" "3.226.0"
    "@aws-sdk/token-providers" "3.245.0"
    "@aws-sdk/types" "3.226.0"
    tslib "^2.3.1"

"@aws-sdk/credential-provider-web-identity@3.226.0":
  version "3.226.0"
  resolved "https://registry.yarnpkg.com/@aws-sdk/credential-provider-web-identity/-/credential-provider-web-identity-3.226.0.tgz#2b7d20f93a40e2243c7e3857f54b103d19a946fb"
  dependencies:
    "@aws-sdk/property-provider" "3.226.0"
    "@aws-sdk/types" "3.226.0"
    tslib "^2.3.1"

"@aws-sdk/credential-providers@^3.186.0":
  version "3.245.0"
  resolved "https://registry.yarnpkg.com/@aws-sdk/credential-providers/-/credential-providers-3.245.0.tgz#5c2f8c1a1809daa98728bf8e1fac079656eed76b"
  dependencies:
    "@aws-sdk/client-cognito-identity" "3.245.0"
    "@aws-sdk/client-sso" "3.245.0"
    "@aws-sdk/client-sts" "3.245.0"
    "@aws-sdk/credential-provider-cognito-identity" "3.245.0"
    "@aws-sdk/credential-provider-env" "3.226.0"
    "@aws-sdk/credential-provider-imds" "3.226.0"
    "@aws-sdk/credential-provider-ini" "3.245.0"
    "@aws-sdk/credential-provider-node" "3.245.0"
    "@aws-sdk/credential-provider-process" "3.226.0"
    "@aws-sdk/credential-provider-sso" "3.245.0"
    "@aws-sdk/credential-provider-web-identity" "3.226.0"
    "@aws-sdk/property-provider" "3.226.0"
    "@aws-sdk/shared-ini-file-loader" "3.226.0"
    "@aws-sdk/types" "3.226.0"
    tslib "^2.3.1"

"@aws-sdk/fetch-http-handler@3.226.0":
  version "3.226.0"
  resolved "https://registry.yarnpkg.com/@aws-sdk/fetch-http-handler/-/fetch-http-handler-3.226.0.tgz#350f78fc18fe9cb0a889ef4870838a8fcfa8855c"
  dependencies:
    "@aws-sdk/protocol-http" "3.226.0"
    "@aws-sdk/querystring-builder" "3.226.0"
    "@aws-sdk/types" "3.226.0"
    "@aws-sdk/util-base64" "3.208.0"
    tslib "^2.3.1"

"@aws-sdk/hash-node@3.226.0":
  version "3.226.0"
  resolved "https://registry.yarnpkg.com/@aws-sdk/hash-node/-/hash-node-3.226.0.tgz#252d98bcbb1e13c8f26d9d416db03cf8cceac185"
  dependencies:
    "@aws-sdk/types" "3.226.0"
    "@aws-sdk/util-buffer-from" "3.208.0"
    tslib "^2.3.1"

"@aws-sdk/invalid-dependency@3.226.0":
  version "3.226.0"
  resolved "https://registry.yarnpkg.com/@aws-sdk/invalid-dependency/-/invalid-dependency-3.226.0.tgz#74586f60859ed1813985e3d642066cc46d2e9d40"
  dependencies:
    "@aws-sdk/types" "3.226.0"
    tslib "^2.3.1"

"@aws-sdk/is-array-buffer@3.201.0":
  version "3.201.0"
  resolved "https://registry.yarnpkg.com/@aws-sdk/is-array-buffer/-/is-array-buffer-3.201.0.tgz#06e557adc284fac2f26071c2944ae01f61b95854"
  dependencies:
    tslib "^2.3.1"

"@aws-sdk/middleware-content-length@3.226.0":
  version "3.226.0"
  resolved "https://registry.yarnpkg.com/@aws-sdk/middleware-content-length/-/middleware-content-length-3.226.0.tgz#6cc952049f6e3cdc3a3778c9dce9f2aee942b5fe"
  dependencies:
    "@aws-sdk/protocol-http" "3.226.0"
    "@aws-sdk/types" "3.226.0"
    tslib "^2.3.1"

"@aws-sdk/middleware-endpoint@3.226.0":
  version "3.226.0"
  resolved "https://registry.yarnpkg.com/@aws-sdk/middleware-endpoint/-/middleware-endpoint-3.226.0.tgz#d776480be4b5a9534c2805b7425be05497f840b7"
  dependencies:
    "@aws-sdk/middleware-serde" "3.226.0"
    "@aws-sdk/protocol-http" "3.226.0"
    "@aws-sdk/signature-v4" "3.226.0"
    "@aws-sdk/types" "3.226.0"
    "@aws-sdk/url-parser" "3.226.0"
    "@aws-sdk/util-config-provider" "3.208.0"
    "@aws-sdk/util-middleware" "3.226.0"
    tslib "^2.3.1"

"@aws-sdk/middleware-host-header@3.226.0":
  version "3.226.0"
  resolved "https://registry.yarnpkg.com/@aws-sdk/middleware-host-header/-/middleware-host-header-3.226.0.tgz#1e1ecb034929e0dbc532ae501fd93781438f9a24"
  dependencies:
    "@aws-sdk/protocol-http" "3.226.0"
    "@aws-sdk/types" "3.226.0"
    tslib "^2.3.1"

"@aws-sdk/middleware-logger@3.226.0":
  version "3.226.0"
  resolved "https://registry.yarnpkg.com/@aws-sdk/middleware-logger/-/middleware-logger-3.226.0.tgz#37fd0e62f555befd526b03748c3aab60dcefecf3"
  dependencies:
    "@aws-sdk/types" "3.226.0"
    tslib "^2.3.1"

"@aws-sdk/middleware-recursion-detection@3.226.0":
  version "3.226.0"
  resolved "https://registry.yarnpkg.com/@aws-sdk/middleware-recursion-detection/-/middleware-recursion-detection-3.226.0.tgz#e149b9138e94d2fa70e7752ba6b1ccb537009706"
  dependencies:
    "@aws-sdk/protocol-http" "3.226.0"
    "@aws-sdk/types" "3.226.0"
    tslib "^2.3.1"

"@aws-sdk/middleware-retry@3.235.0":
  version "3.235.0"
  resolved "https://registry.yarnpkg.com/@aws-sdk/middleware-retry/-/middleware-retry-3.235.0.tgz#c0d938db85a771812204ed5e981eaf5eef6b580b"
  dependencies:
    "@aws-sdk/protocol-http" "3.226.0"
    "@aws-sdk/service-error-classification" "3.229.0"
    "@aws-sdk/types" "3.226.0"
    "@aws-sdk/util-middleware" "3.226.0"
    "@aws-sdk/util-retry" "3.229.0"
    tslib "^2.3.1"
    uuid "^8.3.2"

"@aws-sdk/middleware-sdk-sts@3.226.0":
  version "3.226.0"
  resolved "https://registry.yarnpkg.com/@aws-sdk/middleware-sdk-sts/-/middleware-sdk-sts-3.226.0.tgz#e8a8cf42bba8963259546120cde1e408628863f9"
  dependencies:
    "@aws-sdk/middleware-signing" "3.226.0"
    "@aws-sdk/property-provider" "3.226.0"
    "@aws-sdk/protocol-http" "3.226.0"
    "@aws-sdk/signature-v4" "3.226.0"
    "@aws-sdk/types" "3.226.0"
    tslib "^2.3.1"

"@aws-sdk/middleware-serde@3.226.0":
  version "3.226.0"
  resolved "https://registry.yarnpkg.com/@aws-sdk/middleware-serde/-/middleware-serde-3.226.0.tgz#c837ef33b34bec2af19a1c177a0c02a1ae20da5e"
  dependencies:
    "@aws-sdk/types" "3.226.0"
    tslib "^2.3.1"

"@aws-sdk/middleware-signing@3.226.0":
  version "3.226.0"
  resolved "https://registry.yarnpkg.com/@aws-sdk/middleware-signing/-/middleware-signing-3.226.0.tgz#ebb1d142ac2767466f2e464bb7dba9837143b4d1"
  dependencies:
    "@aws-sdk/property-provider" "3.226.0"
    "@aws-sdk/protocol-http" "3.226.0"
    "@aws-sdk/signature-v4" "3.226.0"
    "@aws-sdk/types" "3.226.0"
    "@aws-sdk/util-middleware" "3.226.0"
    tslib "^2.3.1"

"@aws-sdk/middleware-stack@3.226.0":
  version "3.226.0"
  resolved "https://registry.yarnpkg.com/@aws-sdk/middleware-stack/-/middleware-stack-3.226.0.tgz#b0408370270188103987c457c758f9cf7651754f"
  dependencies:
    tslib "^2.3.1"

"@aws-sdk/middleware-user-agent@3.226.0":
  version "3.226.0"
  resolved "https://registry.yarnpkg.com/@aws-sdk/middleware-user-agent/-/middleware-user-agent-3.226.0.tgz#26653189f3e8da86514f77688a80d0ad445c0799"
  dependencies:
    "@aws-sdk/protocol-http" "3.226.0"
    "@aws-sdk/types" "3.226.0"
    tslib "^2.3.1"

"@aws-sdk/node-config-provider@3.226.0":
  version "3.226.0"
  resolved "https://registry.yarnpkg.com/@aws-sdk/node-config-provider/-/node-config-provider-3.226.0.tgz#a9e21512ef824142bb928a0b2f85b39a75b8964d"
  dependencies:
    "@aws-sdk/property-provider" "3.226.0"
    "@aws-sdk/shared-ini-file-loader" "3.226.0"
    "@aws-sdk/types" "3.226.0"
    tslib "^2.3.1"

"@aws-sdk/node-http-handler@3.226.0":
  version "3.226.0"
  resolved "https://registry.yarnpkg.com/@aws-sdk/node-http-handler/-/node-http-handler-3.226.0.tgz#373886e949d214a99a3521bd6c141fa17b0e89fe"
  dependencies:
    "@aws-sdk/abort-controller" "3.226.0"
    "@aws-sdk/protocol-http" "3.226.0"
    "@aws-sdk/querystring-builder" "3.226.0"
    "@aws-sdk/types" "3.226.0"
    tslib "^2.3.1"

"@aws-sdk/property-provider@3.226.0":
  version "3.226.0"
  resolved "https://registry.yarnpkg.com/@aws-sdk/property-provider/-/property-provider-3.226.0.tgz#ef0ff37c319dc37a52f08fa7544f861308a3bbd8"
  dependencies:
    "@aws-sdk/types" "3.226.0"
    tslib "^2.3.1"

"@aws-sdk/protocol-http@3.226.0":
  version "3.226.0"
  resolved "https://registry.yarnpkg.com/@aws-sdk/protocol-http/-/protocol-http-3.226.0.tgz#0af7bdc331508e556b722aad0cb78eefa93466e3"
  dependencies:
    "@aws-sdk/types" "3.226.0"
    tslib "^2.3.1"

"@aws-sdk/querystring-builder@3.226.0":
  version "3.226.0"
  resolved "https://registry.yarnpkg.com/@aws-sdk/querystring-builder/-/querystring-builder-3.226.0.tgz#11cd751abeac66f1f9349225454bac3e39808926"
  dependencies:
    "@aws-sdk/types" "3.226.0"
    "@aws-sdk/util-uri-escape" "3.201.0"
    tslib "^2.3.1"

"@aws-sdk/querystring-parser@3.226.0":
  version "3.226.0"
  resolved "https://registry.yarnpkg.com/@aws-sdk/querystring-parser/-/querystring-parser-3.226.0.tgz#ba6a26727c98d46c95180e6cdc463039c5e4740d"
  dependencies:
    "@aws-sdk/types" "3.226.0"
    tslib "^2.3.1"

"@aws-sdk/service-error-classification@3.229.0":
  version "3.229.0"
  resolved "https://registry.yarnpkg.com/@aws-sdk/service-error-classification/-/service-error-classification-3.229.0.tgz#768f1eb92775ca2cc99c6451a2303a0008a28fc1"

"@aws-sdk/shared-ini-file-loader@3.226.0":
  version "3.226.0"
  resolved "https://registry.yarnpkg.com/@aws-sdk/shared-ini-file-loader/-/shared-ini-file-loader-3.226.0.tgz#d0ade86834b1803ce4b9dcab459e57e0376fd6cf"
  dependencies:
    "@aws-sdk/types" "3.226.0"
    tslib "^2.3.1"

"@aws-sdk/signature-v4@3.226.0":
  version "3.226.0"
  resolved "https://registry.yarnpkg.com/@aws-sdk/signature-v4/-/signature-v4-3.226.0.tgz#100390b5c5b55a9b0abd05b06fceb36cfa0ecf98"
  dependencies:
    "@aws-sdk/is-array-buffer" "3.201.0"
    "@aws-sdk/types" "3.226.0"
    "@aws-sdk/util-hex-encoding" "3.201.0"
    "@aws-sdk/util-middleware" "3.226.0"
    "@aws-sdk/util-uri-escape" "3.201.0"
    tslib "^2.3.1"

"@aws-sdk/smithy-client@3.234.0":
  version "3.234.0"
  resolved "https://registry.yarnpkg.com/@aws-sdk/smithy-client/-/smithy-client-3.234.0.tgz#8f0021e021f0e52730ed0a8f271f839eb63bc374"
  dependencies:
    "@aws-sdk/middleware-stack" "3.226.0"
    "@aws-sdk/types" "3.226.0"
    tslib "^2.3.1"

"@aws-sdk/token-providers@3.245.0":
  version "3.245.0"
  resolved "https://registry.yarnpkg.com/@aws-sdk/token-providers/-/token-providers-3.245.0.tgz#7c675bd88c3fc2bd32e8d760d04472a51f0202fc"
  dependencies:
    "@aws-sdk/client-sso-oidc" "3.245.0"
    "@aws-sdk/property-provider" "3.226.0"
    "@aws-sdk/shared-ini-file-loader" "3.226.0"
    "@aws-sdk/types" "3.226.0"
    tslib "^2.3.1"

"@aws-sdk/types@3.226.0", "@aws-sdk/types@^3.1.0", "@aws-sdk/types@^3.110.0":
  version "3.226.0"
  resolved "https://registry.yarnpkg.com/@aws-sdk/types/-/types-3.226.0.tgz#3dba2ba223fbb8ac1ebc84de0e036ce69a81d469"
  dependencies:
    tslib "^2.3.1"

"@aws-sdk/url-parser@3.226.0":
  version "3.226.0"
  resolved "https://registry.yarnpkg.com/@aws-sdk/url-parser/-/url-parser-3.226.0.tgz#f53d1f868b27fe74aca091a799f2af56237b15a2"
  dependencies:
    "@aws-sdk/querystring-parser" "3.226.0"
    "@aws-sdk/types" "3.226.0"
    tslib "^2.3.1"

"@aws-sdk/util-base64@3.208.0":
  version "3.208.0"
  resolved "https://registry.yarnpkg.com/@aws-sdk/util-base64/-/util-base64-3.208.0.tgz#36b430e5396251f761590f7c2f0c5c12193f353c"
  dependencies:
    "@aws-sdk/util-buffer-from" "3.208.0"
    tslib "^2.3.1"

"@aws-sdk/util-body-length-browser@3.188.0":
  version "3.188.0"
  resolved "https://registry.yarnpkg.com/@aws-sdk/util-body-length-browser/-/util-body-length-browser-3.188.0.tgz#e1d949318c10a621b38575a9ef01e39f9857ddb0"
  dependencies:
    tslib "^2.3.1"

"@aws-sdk/util-body-length-node@3.208.0":
  version "3.208.0"
  resolved "https://registry.yarnpkg.com/@aws-sdk/util-body-length-node/-/util-body-length-node-3.208.0.tgz#baabd1fa1206ff2bd4ce3785122d86eb3258dd20"
  dependencies:
    tslib "^2.3.1"

"@aws-sdk/util-buffer-from@3.208.0":
  version "3.208.0"
  resolved "https://registry.yarnpkg.com/@aws-sdk/util-buffer-from/-/util-buffer-from-3.208.0.tgz#285e86f6dc9030148a4147d65239e75cb254a1b0"
  dependencies:
    "@aws-sdk/is-array-buffer" "3.201.0"
    tslib "^2.3.1"

"@aws-sdk/util-config-provider@3.208.0":
  version "3.208.0"
  resolved "https://registry.yarnpkg.com/@aws-sdk/util-config-provider/-/util-config-provider-3.208.0.tgz#c485fd83fbac051337e5f6be60ea3f9fa61c0139"
  dependencies:
    tslib "^2.3.1"

"@aws-sdk/util-defaults-mode-browser@3.234.0":
  version "3.234.0"
  resolved "https://registry.yarnpkg.com/@aws-sdk/util-defaults-mode-browser/-/util-defaults-mode-browser-3.234.0.tgz#1151f0beabdb46c1aaca42a1ad0714b8e686acaa"
  dependencies:
    "@aws-sdk/property-provider" "3.226.0"
    "@aws-sdk/types" "3.226.0"
    bowser "^2.11.0"
    tslib "^2.3.1"

"@aws-sdk/util-defaults-mode-node@3.234.0":
  version "3.234.0"
  resolved "https://registry.yarnpkg.com/@aws-sdk/util-defaults-mode-node/-/util-defaults-mode-node-3.234.0.tgz#0607f1dc7a4dc896dfcaf377522535ca9ffba7a9"
  dependencies:
    "@aws-sdk/config-resolver" "3.234.0"
    "@aws-sdk/credential-provider-imds" "3.226.0"
    "@aws-sdk/node-config-provider" "3.226.0"
    "@aws-sdk/property-provider" "3.226.0"
    "@aws-sdk/types" "3.226.0"
    tslib "^2.3.1"

"@aws-sdk/util-endpoints@3.245.0":
  version "3.245.0"
  resolved "https://registry.yarnpkg.com/@aws-sdk/util-endpoints/-/util-endpoints-3.245.0.tgz#6e161e92b4e2b89bcd98c40909f3f266851c504d"
  dependencies:
    "@aws-sdk/types" "3.226.0"
    tslib "^2.3.1"

"@aws-sdk/util-hex-encoding@3.201.0":
  version "3.201.0"
  resolved "https://registry.yarnpkg.com/@aws-sdk/util-hex-encoding/-/util-hex-encoding-3.201.0.tgz#21d7ec319240ee68c33d938e71cb79830bea315d"
  dependencies:
    tslib "^2.3.1"

"@aws-sdk/util-locate-window@^3.0.0":
  version "3.208.0"
  resolved "https://registry.yarnpkg.com/@aws-sdk/util-locate-window/-/util-locate-window-3.208.0.tgz#0f598fc238a1256e4bcb64d01459f03a922dd4c3"
  dependencies:
    tslib "^2.3.1"

"@aws-sdk/util-middleware@3.226.0":
  version "3.226.0"
  resolved "https://registry.yarnpkg.com/@aws-sdk/util-middleware/-/util-middleware-3.226.0.tgz#7069ae96e2e00f6bb82c722e073922fb2b051ca2"
  dependencies:
    tslib "^2.3.1"

"@aws-sdk/util-retry@3.229.0":
  version "3.229.0"
  resolved "https://registry.yarnpkg.com/@aws-sdk/util-retry/-/util-retry-3.229.0.tgz#17aad47b067e81acf644d5c2c0f2325f2d8faf4f"
  dependencies:
    "@aws-sdk/service-error-classification" "3.229.0"
    tslib "^2.3.1"

"@aws-sdk/util-uri-escape@3.201.0":
  version "3.201.0"
  resolved "https://registry.yarnpkg.com/@aws-sdk/util-uri-escape/-/util-uri-escape-3.201.0.tgz#5e708d4cde001a4558ee616f889ceacfadd2ab03"
  dependencies:
    tslib "^2.3.1"

"@aws-sdk/util-user-agent-browser@3.226.0":
  version "3.226.0"
  resolved "https://registry.yarnpkg.com/@aws-sdk/util-user-agent-browser/-/util-user-agent-browser-3.226.0.tgz#164bb2da8d6353133784e47f0a0ae463bc9ebb73"
  dependencies:
    "@aws-sdk/types" "3.226.0"
    bowser "^2.11.0"
    tslib "^2.3.1"

"@aws-sdk/util-user-agent-node@3.226.0":
  version "3.226.0"
  resolved "https://registry.yarnpkg.com/@aws-sdk/util-user-agent-node/-/util-user-agent-node-3.226.0.tgz#7569460b9efc6bbd5295275c51357e480ff469c2"
  dependencies:
    "@aws-sdk/node-config-provider" "3.226.0"
    "@aws-sdk/types" "3.226.0"
    tslib "^2.3.1"

"@aws-sdk/util-utf8-browser@3.188.0", "@aws-sdk/util-utf8-browser@^3.0.0":
  version "3.188.0"
  resolved "https://registry.yarnpkg.com/@aws-sdk/util-utf8-browser/-/util-utf8-browser-3.188.0.tgz#484762bd600401350e148277731d6744a4a92225"
  dependencies:
    tslib "^2.3.1"

"@aws-sdk/util-utf8-node@3.208.0":
  version "3.208.0"
  resolved "https://registry.yarnpkg.com/@aws-sdk/util-utf8-node/-/util-utf8-node-3.208.0.tgz#eba17de0f92f87b98481c2e2d0ceaa05c7994d67"
  dependencies:
    "@aws-sdk/util-buffer-from" "3.208.0"
    tslib "^2.3.1"

"@types/node@*":
  version "18.11.18"
  resolved "https://registry.yarnpkg.com/@types/node/-/node-18.11.18.tgz#8dfb97f0da23c2293e554c5a50d61ef134d7697f"

"@types/webidl-conversions@*":
  version "7.0.0"
  resolved "https://registry.yarnpkg.com/@types/webidl-conversions/-/webidl-conversions-7.0.0.tgz#2b8e60e33906459219aa587e9d1a612ae994cfe7"

"@types/whatwg-url@^8.2.1":
  version "8.2.2"
  resolved "https://registry.yarnpkg.com/@types/whatwg-url/-/whatwg-url-8.2.2.tgz#749d5b3873e845897ada99be4448041d4cc39e63"
  dependencies:
    "@types/node" "*"
    "@types/webidl-conversions" "*"

base64-js@^1.3.1:
  version "1.5.1"
  resolved "https://registry.yarnpkg.com/base64-js/-/base64-js-1.5.1.tgz#1b1b440160a5bf7ad40b650f095963481903930a"

bowser@^2.11.0:
  version "2.11.0"
  resolved "https://registry.yarnpkg.com/bowser/-/bowser-2.11.0.tgz#5ca3c35757a7aa5771500c70a73a9f91ef420a8f"

bson@^4.7.0:
  version "4.7.2"
  resolved "https://registry.yarnpkg.com/bson/-/bson-4.7.2.tgz#320f4ad0eaf5312dd9b45dc369cc48945e2a5f2e"
  dependencies:
    buffer "^5.6.0"

buffer@^5.6.0:
  version "5.7.1"
  resolved "https://registry.yarnpkg.com/buffer/-/buffer-5.7.1.tgz#ba62e7c13133053582197160851a8f648e99eed0"
  dependencies:
    base64-js "^1.3.1"
    ieee754 "^1.1.13"

debug@4.x:
  version "4.3.4"
  resolved "https://registry.yarnpkg.com/debug/-/debug-4.3.4.tgz#1319f6579357f2338d3337d2cdd4914bb5dcc865"
  dependencies:
    ms "2.1.2"

fast-xml-parser@4.0.11:
  version "4.0.11"
  resolved "https://registry.yarnpkg.com/fast-xml-parser/-/fast-xml-parser-4.0.11.tgz#42332a9aca544520631c8919e6ea871c0185a985"
  dependencies:
    strnum "^1.0.5"

ieee754@^1.1.13:
  version "1.2.1"
  resolved "https://registry.yarnpkg.com/ieee754/-/ieee754-1.2.1.tgz#8eb7a10a63fff25d15a57b001586d177d1b0d352"

ip@^2.0.0:
  version "2.0.0"
  resolved "https://registry.yarnpkg.com/ip/-/ip-2.0.0.tgz#4cf4ab182fee2314c75ede1276f8c80b479936da"

kareem@2.5.1:
  version "2.5.1"
  resolved "https://registry.yarnpkg.com/kareem/-/kareem-2.5.1.tgz#7b8203e11819a8e77a34b3517d3ead206764d15d"

memory-pager@^1.0.2:
  version "1.5.0"
  resolved "https://registry.yarnpkg.com/memory-pager/-/memory-pager-1.5.0.tgz#d8751655d22d384682741c972f2c3d6dfa3e66b5"

mongodb-connection-string-url@^2.5.4:
  version "2.6.0"
  resolved "https://registry.yarnpkg.com/mongodb-connection-string-url/-/mongodb-connection-string-url-2.6.0.tgz#57901bf352372abdde812c81be47b75c6b2ec5cf"
  dependencies:
    "@types/whatwg-url" "^8.2.1"
    whatwg-url "^11.0.0"

mongodb@4.12.1:
  version "4.12.1"
  resolved "https://registry.yarnpkg.com/mongodb/-/mongodb-4.12.1.tgz#224eb39b8784af835b515aa687c6010cecaabb1a"
  dependencies:
    bson "^4.7.0"
    mongodb-connection-string-url "^2.5.4"
    socks "^2.7.1"
  optionalDependencies:
    "@aws-sdk/credential-providers" "^3.186.0"
    saslprep "^1.0.3"

mongoose@*:
  version "6.8.3"
  resolved "https://registry.yarnpkg.com/mongoose/-/mongoose-6.8.3.tgz#6580b9846a9defbb0f0cff317443d4f87e9cce8e"
  dependencies:
    bson "^4.7.0"
    kareem "2.5.1"
    mongodb "4.12.1"
    mpath "0.9.0"
    mquery "4.0.3"
    ms "2.1.3"
    sift "16.0.1"

mpath@0.9.0:
  version "0.9.0"
  resolved "https://registry.yarnpkg.com/mpath/-/mpath-0.9.0.tgz#0c122fe107846e31fc58c75b09c35514b3871904"

mquery@4.0.3:
  version "4.0.3"
  resolved "https://registry.yarnpkg.com/mquery/-/mquery-4.0.3.tgz#4d15f938e6247d773a942c912d9748bd1965f89d"
  dependencies:
    debug "4.x"

ms@2.1.2:
  version "2.1.2"
  resolved "https://registry.yarnpkg.com/ms/-/ms-2.1.2.tgz#d09d1f357b443f493382a8eb3ccd183872ae6009"

ms@2.1.3:
  version "2.1.3"
  resolved "https://registry.yarnpkg.com/ms/-/ms-2.1.3.tgz#574c8138ce1d2b5861f0b44579dbadd60c6615b2"

punycode@^2.1.1:
  version "2.2.0"
  resolved "https://registry.yarnpkg.com/punycode/-/punycode-2.2.0.tgz#2092cc57cd2582c38e4e7e8bb869dc8d3148bc74"

saslprep@^1.0.3:
  version "1.0.3"
  resolved "https://registry.yarnpkg.com/saslprep/-/saslprep-1.0.3.tgz#4c02f946b56cf54297e347ba1093e7acac4cf226"
  dependencies:
    sparse-bitfield "^3.0.3"

sift@16.0.1:
  version "16.0.1"
  resolved "https://registry.yarnpkg.com/sift/-/sift-16.0.1.tgz#e9c2ccc72191585008cf3e36fc447b2d2633a053"

smart-buffer@^4.2.0:
  version "4.2.0"
  resolved "https://registry.yarnpkg.com/smart-buffer/-/smart-buffer-4.2.0.tgz#6e1d71fa4f18c05f7d0ff216dd16a481d0e8d9ae"

socks@^2.7.1:
  version "2.7.1"
  resolved "https://registry.yarnpkg.com/socks/-/socks-2.7.1.tgz#d8e651247178fde79c0663043e07240196857d55"
  dependencies:
    ip "^2.0.0"
    smart-buffer "^4.2.0"

sparse-bitfield@^3.0.3:
  version "3.0.3"
  resolved "https://registry.yarnpkg.com/sparse-bitfield/-/sparse-bitfield-3.0.3.tgz#ff4ae6e68656056ba4b3e792ab3334d38273ca11"
  dependencies:
    memory-pager "^1.0.2"

strnum@^1.0.5:
  version "1.0.5"
  resolved "https://registry.yarnpkg.com/strnum/-/strnum-1.0.5.tgz#5c4e829fe15ad4ff0d20c3db5ac97b73c9b072db"

tr46@^3.0.0:
  version "3.0.0"
  resolved "https://registry.yarnpkg.com/tr46/-/tr46-3.0.0.tgz#555c4e297a950617e8eeddef633c87d4d9d6cbf9"
  dependencies:
    punycode "^2.1.1"

tslib@^1.11.1:
  version "1.14.1"
  resolved "https://registry.yarnpkg.com/tslib/-/tslib-1.14.1.tgz#cf2d38bdc34a134bcaf1091c41f6619e2f672d00"

tslib@^2.3.1:
  version "2.4.1"
  resolved "https://registry.yarnpkg.com/tslib/-/tslib-2.4.1.tgz#0d0bfbaac2880b91e22df0768e55be9753a5b17e"

uuid@^8.3.2:
  version "8.3.2"
  resolved "https://registry.yarnpkg.com/uuid/-/uuid-8.3.2.tgz#80d5b5ced271bb9af6c445f21a1a04c606cefbe2"

webidl-conversions@^7.0.0:
  version "7.0.0"
  resolved "https://registry.yarnpkg.com/webidl-conversions/-/webidl-conversions-7.0.0.tgz#256b4e1882be7debbf01d05f0aa2039778ea080a"

whatwg-url@^11.0.0:
  version "11.0.0"
  resolved "https://registry.yarnpkg.com/whatwg-url/-/whatwg-url-11.0.0.tgz#0a849eebb5faf2119b901bb76fd795c2848d4018"
  dependencies:
    tr46 "^3.0.0"
    webidl-conversions "^7.0.0"
