# THIS IS AN AUTOGENERATED FILE. DO NOT EDIT THIS FILE DIRECTLY.
# yarn lockfile v1


"@types/bson@*":
  version "4.2.0"
  resolved "https://registry.yarnpkg.com/@types/bson/-/bson-4.2.0.tgz#a2f71e933ff54b2c3bf267b67fa221e295a33337"
  dependencies:
    bson "*"

"@types/bson@1.x || 4.0.x":
  version "4.0.5"
  resolved "https://registry.yarnpkg.com/@types/bson/-/bson-4.0.5.tgz#9e0e1d1a6f8866483f96868a9b33bc804926b1fc"
  dependencies:
    "@types/node" "*"

"@types/mongodb@^3.5.27":
  version "3.6.20"
  resolved "https://registry.yarnpkg.com/@types/mongodb/-/mongodb-3.6.20.tgz#b7c5c580644f6364002b649af1c06c3c0454e1d2"
  dependencies:
    "@types/bson" "*"
    "@types/node" "*"

"@types/node@*":
  version "18.11.18"
  resolved "https://registry.yarnpkg.com/@types/node/-/node-18.11.18.tgz#8dfb97f0da23c2293e554c5a50d61ef134d7697f"

bl@^2.2.1:
  version "2.2.1"
  resolved "https://registry.yarnpkg.com/bl/-/bl-2.2.1.tgz#8c11a7b730655c5d56898cdc871224f40fd901d5"
  dependencies:
    readable-stream "^2.3.5"
    safe-buffer "^5.1.1"

bluebird@3.5.1:
  version "3.5.1"
  resolved "https://registry.yarnpkg.com/bluebird/-/bluebird-3.5.1.tgz#d9551f9de98f1fcda1e683d17ee91a0602ee2eb9"

bson@*:
  version "5.0.0"
  resolved "https://registry.yarnpkg.com/bson/-/bson-5.0.0.tgz#32b3d10b55be5c7d698cf311b7232a88498efb7d"

bson@^1.1.4:
  version "1.1.6"
  resolved "https://registry.yarnpkg.com/bson/-/bson-1.1.6.tgz#fb819be9a60cd677e0853aee4ca712a785d6618a"

core-util-is@~1.0.0:
  version "1.0.2"
  resolved "https://registry.yarnpkg.com/core-util-is/-/core-util-is-1.0.2.tgz#b5fd54220aa2bc5ab57aab7140c940754503c1a7"

debug@3.1.0:
  version "3.1.0"
  resolved "https://registry.yarnpkg.com/debug/-/debug-3.1.0.tgz#5bb5a0672628b64149566ba16819e61518c67261"
  dependencies:
    ms "2.0.0"

denque@^1.4.1:
  version "1.5.1"
  resolved "https://registry.yarnpkg.com/denque/-/denque-1.5.1.tgz#07f670e29c9a78f8faecb2566a1e2c11929c5cbf"

inherits@~2.0.3:
  version "2.0.4"
  resolved "https://registry.yarnpkg.com/inherits/-/inherits-2.0.4.tgz#0fa2c64f932917c3433a0ded55363aae37416b7c"

isarray@~1.0.0:
  version "1.0.0"
  resolved "https://registry.yarnpkg.com/isarray/-/isarray-1.0.0.tgz#bb935d48582cba168c06834957a54a3e07124f11"

kareem@2.3.2:
  version "2.3.2"
  resolved "https://registry.yarnpkg.com/kareem/-/kareem-2.3.2.tgz#78c4508894985b8d38a0dc15e1a8e11078f2ca93"

memory-pager@^1.0.2:
  version "1.5.0"
  resolved "https://registry.yarnpkg.com/memory-pager/-/memory-pager-1.5.0.tgz#d8751655d22d384682741c972f2c3d6dfa3e66b5"

mongodb@3.7.3:
  version "3.7.3"
  resolved "https://registry.yarnpkg.com/mongodb/-/mongodb-3.7.3.tgz#b7949cfd0adc4cc7d32d3f2034214d4475f175a5"
  dependencies:
    bl "^2.2.1"
    bson "^1.1.4"
    denque "^1.4.1"
    optional-require "^1.1.8"
    safe-buffer "^5.1.2"
  optionalDependencies:
    saslprep "^1.0.0"

mongoose-legacy-pluralize@1.0.2:
  version "1.0.2"
  resolved "https://registry.yarnpkg.com/mongoose-legacy-pluralize/-/mongoose-legacy-pluralize-1.0.2.tgz#3ba9f91fa507b5186d399fb40854bff18fb563e4"

mongoose@*:
  version "5.13.15"
  resolved "https://registry.yarnpkg.com/mongoose/-/mongoose-5.13.15.tgz#ba2cd0f22c1a5dd9ae15aaf6b10f03c59a4202dd"
  dependencies:
    "@types/bson" "1.x || 4.0.x"
    "@types/mongodb" "^3.5.27"
    bson "^1.1.4"
    kareem "2.3.2"
    mongodb "3.7.3"
    mongoose-legacy-pluralize "1.0.2"
    mpath "0.8.4"
    mquery "3.2.5"
    ms "2.1.2"
    optional-require "1.0.x"
    regexp-clone "1.0.0"
    safe-buffer "5.2.1"
    sift "13.5.2"
    sliced "1.0.1"

mpath@0.8.4:
  version "0.8.4"
  resolved "https://registry.yarnpkg.com/mpath/-/mpath-0.8.4.tgz#6b566d9581621d9e931dd3b142ed3618e7599313"

mquery@3.2.5:
  version "3.2.5"
  resolved "https://registry.yarnpkg.com/mquery/-/mquery-3.2.5.tgz#8f2305632e4bb197f68f60c0cffa21aaf4060c51"
  dependencies:
    bluebird "3.5.1"
    debug "3.1.0"
    regexp-clone "^1.0.0"
    safe-buffer "5.1.2"
    sliced "1.0.1"

ms@2.0.0:
  version "2.0.0"
  resolved "https://registry.yarnpkg.com/ms/-/ms-2.0.0.tgz#5608aeadfc00be6c2901df5f9861788de0d597c8"

ms@2.1.2:
  version "2.1.2"
  resolved "https://registry.yarnpkg.com/ms/-/ms-2.1.2.tgz#d09d1f357b443f493382a8eb3ccd183872ae6009"

optional-require@1.0.x:
  version "1.0.3"
  resolved "https://registry.yarnpkg.com/optional-require/-/optional-require-1.0.3.tgz#275b8e9df1dc6a17ad155369c2422a440f89cb07"

optional-require@^1.1.8:
  version "1.1.8"
  resolved "https://registry.yarnpkg.com/optional-require/-/optional-require-1.1.8.tgz#16364d76261b75d964c482b2406cb824d8ec44b7"
  dependencies:
    require-at "^1.0.6"

process-nextick-args@~2.0.0:
  version "2.0.1"
  resolved "https://registry.yarnpkg.com/process-nextick-args/-/process-nextick-args-2.0.1.tgz#7820d9b16120cc55ca9ae7792680ae7dba6d7fe2"

readable-stream@^2.3.5:
  version "2.3.7"
  resolved "https://registry.yarnpkg.com/readable-stream/-/readable-stream-2.3.7.tgz#1eca1cf711aef814c04f62252a36a62f6cb23b57"
  dependencies:
    core-util-is "~1.0.0"
    inherits "~2.0.3"
    isarray "~1.0.0"
    process-nextick-args "~2.0.0"
    safe-buffer "~5.1.1"
    string_decoder "~1.1.1"
    util-deprecate "~1.0.1"

regexp-clone@1.0.0, regexp-clone@^1.0.0:
  version "1.0.0"
  resolved "https://registry.yarnpkg.com/regexp-clone/-/regexp-clone-1.0.0.tgz#222db967623277056260b992626354a04ce9bf63"

require-at@^1.0.6:
  version "1.0.6"
  resolved "https://registry.yarnpkg.com/require-at/-/require-at-1.0.6.tgz#9eb7e3c5e00727f5a4744070a7f560d4de4f6e6a"

safe-buffer@5.1.2, safe-buffer@~5.1.0, safe-buffer@~5.1.1:
  version "5.1.2"
  resolved "https://registry.yarnpkg.com/safe-buffer/-/safe-buffer-5.1.2.tgz#991ec69d296e0313747d59bdfd2b745c35f8828d"

safe-buffer@5.2.1, safe-buffer@^5.1.1, safe-buffer@^5.1.2:
  version "5.2.1"
  resolved "https://registry.yarnpkg.com/safe-buffer/-/safe-buffer-5.2.1.tgz#1eaf9fa9bdb1fdd4ec75f58f9cdb4e6b7827eec6"

saslprep@^1.0.0:
  version "1.0.3"
  resolved "https://registry.yarnpkg.com/saslprep/-/saslprep-1.0.3.tgz#4c02f946b56cf54297e347ba1093e7acac4cf226"
  dependencies:
    sparse-bitfield "^3.0.3"

sift@13.5.2:
  version "13.5.2"
  resolved "https://registry.yarnpkg.com/sift/-/sift-13.5.2.tgz#24a715e13c617b086166cd04917d204a591c9da6"

sliced@1.0.1:
  version "1.0.1"
  resolved "https://registry.yarnpkg.com/sliced/-/sliced-1.0.1.tgz#0b3a662b5d04c3177b1926bea82b03f837a2ef41"

sparse-bitfield@^3.0.3:
  version "3.0.3"
  resolved "https://registry.yarnpkg.com/sparse-bitfield/-/sparse-bitfield-3.0.3.tgz#ff4ae6e68656056ba4b3e792ab3334d38273ca11"
  dependencies:
    memory-pager "^1.0.2"

string_decoder@~1.1.1:
  version "1.1.1"
  resolved "https://registry.yarnpkg.com/string_decoder/-/string_decoder-1.1.1.tgz#9cf1611ba62685d7030ae9e4ba34149c3af03fc8"
  dependencies:
    safe-buffer "~5.1.0"

util-deprecate@~1.0.1:
  version "1.0.2"
  resolved "https://registry.yarnpkg.com/util-deprecate/-/util-deprecate-1.0.2.tgz#450d4dc9fa70de732762fbd2d4a28981419a0ccf"
